
Microsoft Visual Studio Solution File, Format Version 12.00
# Visual Studio Version 16
VisualStudioVersion = 16.0.29215.179
MinimumVisualStudioVersion = 10.0.40219.1
Project("{FAE04EC0-301F-11D3-BF4B-00C04F79EFBC}") = "Arrayer 2", "Arrayer 2.csproj", "{8C94F63D-B17F-4E03-B942-5FDDF53E001B}"
EndProject
Global
	GlobalSection(SolutionConfigurationPlatforms) = preSolution
		Debug|Any CPU = Debug|Any CPU
		Release|Any CPU = Release|Any CPU
	EndGlobalSection
	GlobalSection(ProjectConfigurationPlatforms) = postSolution
		{8C94F63D-B17F-4E03-B942-5FDDF53E001B}.Debug|Any CPU.ActiveCfg = Debug|Any CPU
		{8C94F63D-B17F-4E03-B942-5FDDF53E001B}.Debug|Any CPU.Build.0 = Debug|Any CPU
		{8C94F63D-B17F-4E03-B942-5FDDF53E001B}.Release|Any CPU.ActiveCfg = Release|Any CPU
		{8C94F63D-B17F-4E03-B942-5FDDF53E001B}.Release|Any CPU.Build.0 = Release|Any CPU
	EndGlobalSection
	GlobalSection(SolutionProperties) = preSolution
		HideSolutionNode = FALSE
	EndGlobalSection
	GlobalSection(ExtensibilityGlobals) = postSolution
		SolutionGuid = {412B1785-28AB-4C7D-8C53-4E8E19264DCB}
	EndGlobalSection
EndGlobal
